
Microsoft Visual Studio Solution File, Format Version 12.00
# Visual Studio Version 17
VisualStudioVersion = 17.4.33213.308
MinimumVisualStudioVersion = 10.0.40219.1
Project("{FAE04EC0-301F-11D3-BF4B-00C04F79EFBC}") = "AsyncStream", "AsyncStream\AsyncStream.csproj", "{0BD814E4-27C2-463F-AD0C-D2AF7CBD4FF9}"
EndProject
Global
	GlobalSection(SolutionConfigurationPlatforms) = preSolution
		Debug|Any CPU = Debug|Any CPU
		Release|Any CPU = Release|Any CPU
	EndGlobalSection
	GlobalSection(ProjectConfigurationPlatforms) = postSolution
		{0BD814E4-27C2-463F-AD0C-D2AF7CBD4FF9}.Debug|Any CPU.ActiveCfg = Debug|Any CPU
		{0BD814E4-27C2-463F-AD0C-D2AF7CBD4FF9}.Debug|Any CPU.Build.0 = Debug|Any CPU
		{0BD814E4-27C2-463F-AD0C-D2AF7CBD4FF9}.Release|Any CPU.ActiveCfg = Release|Any CPU
		{0BD814E4-27C2-463F-AD0C-D2AF7CBD4FF9}.Release|Any CPU.Build.0 = Release|Any CPU
	EndGlobalSection
	GlobalSection(SolutionProperties) = preSolution
		HideSolutionNode = FALSE
	EndGlobalSection
	GlobalSection(ExtensibilityGlobals) = postSolution
		SolutionGuid = {77BA07D0-8D63-45D3-95EA-ACAE644D1CF8}
	EndGlobalSection
EndGlobal
